
Microsoft Visual Studio Solution File, Format Version 12.00
# Visual Studio Version 16
VisualStudioVersion = 16.0.30011.22
MinimumVisualStudioVersion = 10.0.40219.1
Project("{FAE04EC0-301F-11D3-BF4B-00C04F79EFBC}") = "CurrencyApp", "CurrencyApp.csproj", "{BE69C0F1-897A-4624-9CBF-8456839287E1}"
EndProject
Global
	GlobalSection(SolutionConfigurationPlatforms) = preSolution
		Debug|Any CPU = Debug|Any CPU
		Release|Any CPU = Release|Any CPU
	EndGlobalSection
	GlobalSection(ProjectConfigurationPlatforms) = postSolution
		{BE69C0F1-897A-4624-9CBF-8456839287E1}.Debug|Any CPU.ActiveCfg = Debug|Any CPU
		{BE69C0F1-897A-4624-9CBF-8456839287E1}.Debug|Any CPU.Build.0 = Debug|Any CPU
		{BE69C0F1-897A-4624-9CBF-8456839287E1}.Release|Any CPU.ActiveCfg = Release|Any CPU
		{BE69C0F1-897A-4624-9CBF-8456839287E1}.Release|Any CPU.Build.0 = Release|Any CPU
	EndGlobalSection
	GlobalSection(SolutionProperties) = preSolution
		HideSolutionNode = FALSE
	EndGlobalSection
	GlobalSection(ExtensibilityGlobals) = postSolution
		SolutionGuid = {0C2A4FC2-DB07-408E-A703-8CF1BBADA305}
	EndGlobalSection
EndGlobal
